
Microsoft Visual Studio Solution File, Format Version 12.00
# Visual Studio Version 17
VisualStudioVersion = 17.4.33122.133
MinimumVisualStudioVersion = 10.0.40219.1
Project("{FAE04EC0-301F-11D3-BF4B-00C04F79EFBC}") = "Advent of Code 2022", "Advent of Code 2022.csproj", "{322D34E0-1F94-43EB-A0C1-792A4DC6DAA5}"
EndProject
Global
	GlobalSection(SolutionConfigurationPlatforms) = preSolution
		Debug|Any CPU = Debug|Any CPU
		Release|Any CPU = Release|Any CPU
	EndGlobalSection
	GlobalSection(ProjectConfigurationPlatforms) = postSolution
		{322D34E0-1F94-43EB-A0C1-792A4DC6DAA5}.Debug|Any CPU.ActiveCfg = Debug|Any CPU
		{322D34E0-1F94-43EB-A0C1-792A4DC6DAA5}.Debug|Any CPU.Build.0 = Debug|Any CPU
		{322D34E0-1F94-43EB-A0C1-792A4DC6DAA5}.Release|Any CPU.ActiveCfg = Release|Any CPU
		{322D34E0-1F94-43EB-A0C1-792A4DC6DAA5}.Release|Any CPU.Build.0 = Release|Any CPU
	EndGlobalSection
	GlobalSection(SolutionProperties) = preSolution
		HideSolutionNode = FALSE
	EndGlobalSection
	GlobalSection(ExtensibilityGlobals) = postSolution
		SolutionGuid = {EF0CEBB8-0147-4C4A-924D-31172CC05226}
	EndGlobalSection
EndGlobal
